
Microsoft Visual Studio Solution File, Format Version 12.00
# Visual Studio Version 17
VisualStudioVersion = 17.11.35327.3
MinimumVisualStudioVersion = 10.0.40219.1
Project("{FAE04EC0-301F-11D3-BF4B-00C04F79EFBC}") = "ListingCode", "ListingCode\ListingCode.csproj", "{120E8A13-DE32-4D76-BD4E-1665D26DCD08}"
EndProject
Global
	GlobalSection(SolutionConfigurationPlatforms) = preSolution
		Debug|Any CPU = Debug|Any CPU
		Release|Any CPU = Release|Any CPU
	EndGlobalSection
	GlobalSection(ProjectConfigurationPlatforms) = postSolution
		{120E8A13-DE32-4D76-BD4E-1665D26DCD08}.Debug|Any CPU.ActiveCfg = Debug|Any CPU
		{120E8A13-DE32-4D76-BD4E-1665D26DCD08}.Debug|Any CPU.Build.0 = Debug|Any CPU
		{120E8A13-DE32-4D76-BD4E-1665D26DCD08}.Release|Any CPU.ActiveCfg = Release|Any CPU
		{120E8A13-DE32-4D76-BD4E-1665D26DCD08}.Release|Any CPU.Build.0 = Release|Any CPU
	EndGlobalSection
	GlobalSection(SolutionProperties) = preSolution
		HideSolutionNode = FALSE
	EndGlobalSection
	GlobalSection(ExtensibilityGlobals) = postSolution
		SolutionGuid = {0D045148-A00C-4F67-8BCA-E2010CBCD65E}
	EndGlobalSection
EndGlobal
